// !$*UTF8*$!
{
	archiveVersion = 1;
	classes = {
	};
	objectVersion = 46;
	objects = {

/* Begin PBXBuildFile section */
		63F88BA4202CFE50009B03EB /* AppDelegate.swift in Sources */ = {isa = PBXBuildFile; fileRef = 63F88BA3202CFE50009B03EB /* AppDelegate.swift */; };
		63F88BA6202CFE50009B03EB /* ViewController.swift in Sources */ = {isa = PBXBuildFile; fileRef = 63F88BA5202CFE50009B03EB /* ViewController.swift */; };
		63F88BA9202CFE50009B03EB /* Main.storyboard in Resources */ = {isa = PBXBuildFile; fileRef = 63F88BA7202CFE50009B03EB /* Main.storyboard */; };
		63F88BAB202CFE50009B03EB /* Assets.xcassets in Resources */ = {isa = PBXBuildFile; fileRef = 63F88BAA202CFE50009B03EB /* Assets.xcassets */; };
		63F88BAE202CFE50009B03EB /* LaunchScreen.storyboard in Resources */ = {isa = PBXBuildFile; fileRef = 63F88BAC202CFE50009B03EB /* LaunchScreen.storyboard */; };
/* End PBXBuildFile section */

/* Begin PBXFileReference section */
		63F88BA0202CFE50009B03EB /* MarubatsuApp.app */ = {isa = PBXFileReference; explicitFileType = wrapper.application; includeInIndex = 0; path = MarubatsuApp.app; sourceTree = BUILT_PRODUCTS_DIR; };
		63F88BA3202CFE50009B03EB /* AppDelegate.swift */ = {isa = PBXFileReference; lastKnownFileType = sourcecode.swift; path = AppDelegate.swift; sourceTree = "<group>"; };
		63F88BA5202CFE50009B03EB /* ViewController.swift */ = {isa = PBXFileReference; lastKnownFileType = sourcecode.swift; path = ViewController.swift; sourceTree = "<group>"; };
		63F88BA8202CFE50009B03EB /* Base */ = {isa = PBXFileReference; lastKnownFileType = file.storyboard; name = Base; path = Base.lproj/Main.storyboard; sourceTree = "<group>"; };
		63F88BAA202CFE50009B03EB /* Assets.xcassets */ = {isa = PBXFileReference; lastKnownFileType = folder.assetcatalog; path = Assets.xcassets; sourceTree = "<group>"; };
		63F88BAD202CFE50009B03EB /* Base */ = {isa = PBXFileReference; lastKnownFileType = file.storyboard; name = Base; path = Base.lproj/LaunchScreen.storyboard; sourceTree = "<group>"; };
		63F88BAF202CFE50009B03EB /* Info.plist */ = {isa = PBXFileReference; lastKnownFileType = text.plist.xml; path = Info.plist; sourceTree = "<group>"; };
/* End PBXFileReference section */

/* Begin PBXFrameworksBuildPhase section */
		63F88B9D202CFE50009B03EB /* Frameworks */ = {
			isa = PBXFrameworksBuildPhase;
			buildActionMask = 2147483647;
			files = (
			);
			runOnlyForDeploymentPostprocessing = 0;
		};
/* End PBXFrameworksBuildPhase section */

/* Begin PBXGroup section */
		63F88B97202CFE50009B03EB = {
			isa = PBXGroup;
			children = (
				63F88BA2202CFE50009B03EB /* MarubatsuApp */,
				63F88BA1202CFE50009B03EB /* Products */,
			);
			sourceTree = "<group>";
		};
		63F88BA1202CFE50009B03EB /* Products */ = {
			isa = PBXGroup;
			children = (
				63F88BA0202CFE50009B03EB /* MarubatsuApp.app */,
			);
			name = Products;
			sourceTree = "<group>";
		};
		63F88BA2202CFE50009B03EB /* MarubatsuApp */ = {
			isa = PBXGroup;
			children = (
				63F88BA3202CFE50009B03EB /* AppDelegate.swift */,
				63F88BA5202CFE50009B03EB /* ViewController.swift */,
				63F88BA7202CFE50009B03EB /* Main.storyboard */,
				63F88BAA202CFE50009B03EB /* Assets.xcassets */,
				63F88BAC202CFE50009B03EB /* LaunchScreen.storyboard */,
				63F88BAF202CFE50009B03EB /* Info.plist */,
			);
			path = MarubatsuApp;
			sourceTree = "<group>";
		};
/* End PBXGroup section */

/* Begin PBXNativeTarget section */
		63F88B9F202CFE50009B03EB /* MarubatsuApp */ = {
			isa = PBXNativeTarget;
			buildConfigurationList = 63F88BB2202CFE50009B03EB /* Build configuration list for PBXNativeTarget "MarubatsuApp" */;
			buildPhases = (
				63F88B9C202CFE50009B03EB /* Sources */,
				63F88B9D202CFE50009B03EB /* Frameworks */,
				63F88B9E202CFE50009B03EB /* Resources */,
			);
			buildRules = (
			);
			dependencies = (
			);
			name = MarubatsuApp;
			productName = MarubatsuApp;
			productReference = 63F88BA0202CFE50009B03EB /* MarubatsuApp.app */;
			productType = "com.apple.product-type.application";
		};
/* End PBXNativeTarget section */

/* Begin PBXProject section */
		63F88B98202CFE50009B03EB /* Project object */ = {
			isa = PBXProject;
			attributes = {
				LastSwiftUpdateCheck = 0820;
				LastUpgradeCheck = 0820;
				ORGANIZATIONNAME = MacUser;
				TargetAttributes = {
					63F88B9F202CFE50009B03EB = {
						CreatedOnToolsVersion = 8.2.1;
						DevelopmentTeam = K552W586HH;
						ProvisioningStyle = Automatic;
					};
				};
			};
			buildConfigurationList = 63F88B9B202CFE50009B03EB /* Build configuration list for PBXProject "MarubatsuApp" */;
			compatibilityVersion = "Xcode 3.2";
			developmentRegion = English;
			hasScannedForEncodings = 0;
			knownRegions = (
				en,
				Base,
			);
			mainGroup = 63F88B97202CFE50009B03EB;
			productRefGroup = 63F88BA1202CFE50009B03EB /* Products */;
			projectDirPath = "";
			projectRoot = "";
			targets = (
				63F88B9F202CFE50009B03EB /* MarubatsuApp */,
			);
		};
/* End PBXProject section */

/* Begin PBXResourcesBuildPhase section */
		63F88B9E202CFE50009B03EB /* Resources */ = {
			isa = PBXResourcesBuildPhase;
			buildActionMask = 2147483647;
			files = (
				63F88BAE202CFE50009B03EB /* LaunchScreen.storyboard in Resources */,
				63F88BAB202CFE50009B03EB /* Assets.xcassets in Resources */,
				63F88BA9202CFE50009B03EB /* Main.storyboard in Resources */,
			);
			runOnlyForDeploymentPostprocessing = 0;
		};
/* End PBXResourcesBuildPhase section */

/* Begin PBXSourcesBuildPhase section */
		63F88B9C202CFE50009B03EB /* Sources */ = {
			isa = PBXSourcesBuildPhase;
			buildActionMask = 2147483647;
			files = (
				63F88BA6202CFE50009B03EB /* ViewController.swift in Sources */,
				63F88BA4202CFE50009B03EB /* AppDelegate.swift in Sources */,
			);
			runOnlyForDeploymentPostprocessing = 0;
		};
/* End PBXSourcesBuildPhase section */

/* Begin PBXVariantGroup section */
		63F88BA7202CFE50009B03EB /* Main.storyboard */ = {
			isa = PBXVariantGroup;
			children = (
				63F88BA8202CFE50009B03EB /* Base */,
			);
			name = Main.storyboard;
			sourceTree = "<group>";
		};
		63F88BAC202CFE50009B03EB /* LaunchScreen.storyboard */ = {
			isa = PBXVariantGroup;
			children = (
				63F88BAD202CFE50009B03EB /* Base */,
			);
			name = LaunchScreen.storyboard;
			sourceTree = "<group>";
		};
/* End PBXVariantGroup section */

/* Begin XCBuildConfiguration section */
		63F88BB0202CFE50009B03EB /* Debug */ = {
			isa = XCBuildConfiguration;
			buildSettings = {
				ALWAYS_SEARCH_USER_PATHS = NO;
				CLANG_ANALYZER_NONNULL = YES;
				CLANG_CXX_LANGUAGE_STANDARD = "gnu++0x";
				CLANG_CXX_LIBRARY = "libc++";
				CLANG_ENABLE_MODULES = YES;
				CLANG_ENABLE_OBJC_ARC = YES;
				CLANG_WARN_BOOL_CONVERSION = YES;
				CLANG_WARN_CONSTANT_CONVERSION = YES;
				CLANG_WARN_DIRECT_OBJC_ISA_USAGE = YES_ERROR;
				CLANG_WARN_DOCUMENTATION_COMMENTS = YES;
				CLANG_WARN_EMPTY_BODY = YES;
				CLANG_WARN_ENUM_CONVERSION = YES;
				CLANG_WARN_INFINITE_RECURSION = YES;
				CLANG_WARN_INT_CONVERSION = YES;
				CLANG_WARN_OBJC_ROOT_CLASS = YES_ERROR;
				CLANG_WARN_SUSPICIOUS_MOVE = YES;
				CLANG_WARN_UNREACHABLE_CODE = YES;
				CLANG_WARN__DUPLICATE_METHOD_MATCH = YES;
				"CODE_SIGN_IDENTITY[sdk=iphoneos*]" = "iPhone Developer";
				COPY_PHASE_STRIP = NO;
				DEBUG_INFORMATION_FORMAT = dwarf;
				ENABLE_STRICT_OBJC_MSGSEND = YES;
				ENABLE_TESTABILITY = YES;
				GCC_C_LANGUAGE_STANDARD = gnu99;
				GCC_DYNAMIC_NO_PIC = NO;
				GCC_NO_COMMON_BLOCKS = YES;
				GCC_OPTIMIZATION_LEVEL = 0;
				GCC_PREPROCESSOR_DEFINITIONS = (
					"DEBUG=1",
					"$(inherited)",
				);
				GCC_WARN_64_TO_32_BIT_CONVERSION = YES;
				GCC_WARN_ABOUT_RETURN_TYPE = YES_ERROR;
				GCC_WARN_UNDECLARED_SELECTOR = YES;
				GCC_WARN_UNINITIALIZED_AUTOS = YES_AGGRESSIVE;
				GCC_WARN_UNUSED_FUNCTION = YES;
				GCC_WARN_UNUSED_VARIABLE = YES;
				IPHONEOS_DEPLOYMENT_TARGET = 10.2;
				MTL_ENABLE_DEBUG_INFO = YES;
				ONLY_ACTIVE_ARCH = YES;
				SDKROOT = iphoneos;
				SWIFT_ACTIVE_COMPILATION_CONDITIONS = DEBUG;
				SWIFT_OPTIMIZATION_LEVEL = "-Onone";
			};
			name = Debug;
		};
		63F88BB1202CFE50009B03EB /* Release */ = {
			isa = XCBuildConfiguration;
			buildSettings = {
				ALWAYS_SEARCH_USER_PATHS = NO;
				CLANG_ANALYZER_NONNULL = YES;
				CLANG_CXX_LANGUAGE_STANDARD = "gnu++0x";
				CLANG_CXX_LIBRARY = "libc++";
				CLANG_ENABLE_MODULES = YES;
				CLANG_ENABLE_OBJC_ARC = YES;
				CLANG_WARN_BOOL_CONVERSION = YES;
				CLANG_WARN_CONSTANT_CONVERSION = YES;
				CLANG_WARN_DIRECT_OBJC_ISA_USAGE = YES_ERROR;
				CLANG_WARN_DOCUMENTATION_COMMENTS = YES;
				CLANG_WARN_EMPTY_BODY = YES;
				CLANG_WARN_ENUM_CONVERSION = YES;
				CLANG_WARN_INFINITE_RECURSION = YES;
				CLANG_WARN_INT_CONVERSION = YES;
				CLANG_WARN_OBJC_ROOT_CLASS = YES_ERROR;
				CLANG_WARN_SUSPICIOUS_MOVE = YES;
				CLANG_WARN_UNREACHABLE_CODE = YES;
				CLANG_WARN__DUPLICATE_METHOD_MATCH = YES;
				"CODE_SIGN_IDENTITY[sdk=iphoneos*]" = "iPhone Developer";
				COPY_PHASE_STRIP = NO;
				DEBUG_INFORMATION_FORMAT = "dwarf-with-dsym";
				ENABLE_NS_ASSERTIONS = NO;
				ENABLE_STRICT_OBJC_MSGSEND = YES;
				GCC_C_LANGUAGE_STANDARD = gnu99;
				GCC_NO_COMMON_BLOCKS = YES;
				GCC_WARN_64_TO_32_BIT_CONVERSION = YES;
				GCC_WARN_ABOUT_RETURN_TYPE = YES_ERROR;
				GCC_WARN_UNDECLARED_SELECTOR = YES;
				GCC_WARN_UNINITIALIZED_AUTOS = YES_AGGRESSIVE;
				GCC_WARN_UNUSED_FUNCTION = YES;
				GCC_WARN_UNUSED_VARIABLE = YES;
				IPHONEOS_DEPLOYMENT_TARGET = 10.2;
				MTL_ENABLE_DEBUG_INFO = NO;
				SDKROOT = iphoneos;
				SWIFT_OPTIMIZATION_LEVEL = "-Owholemodule";
				VALIDATE_PRODUCT = YES;
			};
			name = Release;
		};
		63F88BB3202CFE50009B03EB /* Debug */ = {
			isa = XCBuildConfiguration;
			buildSettings = {
				ASSETCATALOG_COMPILER_APPICON_NAME = AppIcon;
				DEVELOPMENT_TEAM = K552W586HH;
				INFOPLIST_FILE = MarubatsuApp/Info.plist;
				LD_RUNPATH_SEARCH_PATHS = "$(inherited) @executable_path/Frameworks";
				PRODUCT_BUNDLE_IDENTIFIER = climbzone.MarubatsuApp;
				PRODUCT_NAME = "$(TARGET_NAME)";
				SWIFT_VERSION = 3.0;
			};
			name = Debug;
		};
		63F88BB4202CFE50009B03EB /* Release */ = {
			isa = XCBuildConfiguration;
			buildSettings = {
				ASSETCATALOG_COMPILER_APPICON_NAME = AppIcon;
				DEVELOPMENT_TEAM = K552W586HH;
				INFOPLIST_FILE = MarubatsuApp/Info.plist;
				LD_RUNPATH_SEARCH_PATHS = "$(inherited) @executable_path/Frameworks";
				PRODUCT_BUNDLE_IDENTIFIER = climbzone.MarubatsuApp;
				PRODUCT_NAME = "$(TARGET_NAME)";
				SWIFT_VERSION = 3.0;
			};
			name = Release;
		};
/* End XCBuildConfiguration section */

/* Begin XCConfigurationList section */
		63F88B9B202CFE50009B03EB /* Build configuration list for PBXProject "MarubatsuApp" */ = {
			isa = XCConfigurationList;
			buildConfigurations = (
				63F88BB0202CFE50009B03EB /* Debug */,
				63F88BB1202CFE50009B03EB /* Release */,
			);
			defaultConfigurationIsVisible = 0;
			defaultConfigurationName = Release;
		};
		63F88BB2202CFE50009B03EB /* Build configuration list for PBXNativeTarget "MarubatsuApp" */ = {
			isa = XCConfigurationList;
			buildConfigurations = (
				63F88BB3202CFE50009B03EB /* Debug */,
				63F88BB4202CFE50009B03EB /* Release */,
			);
			defaultConfigurationIsVisible = 0;
		};
/* End XCConfigurationList section */
	};
	rootObject = 63F88B98202CFE50009B03EB /* Project object */;
}
